
Microsoft Visual Studio Solution File, Format Version 12.00
# Visual Studio Version 16
VisualStudioVersion = 16.0.31702.278
MinimumVisualStudioVersion = 10.0.40219.1
Project("{FAE04EC0-301F-11D3-BF4B-00C04F79EFBC}") = "24_Proje", "24_Proje\24_Proje.csproj", "{81D500D1-874D-496B-B774-13251758247E}"
EndProject
Global
	GlobalSection(SolutionConfigurationPlatforms) = preSolution
		Debug|Any CPU = Debug|Any CPU
		Release|Any CPU = Release|Any CPU
	EndGlobalSection
	GlobalSection(ProjectConfigurationPlatforms) = postSolution
		{81D500D1-874D-496B-B774-13251758247E}.Debug|Any CPU.ActiveCfg = Debug|Any CPU
		{81D500D1-874D-496B-B774-13251758247E}.Debug|Any CPU.Build.0 = Debug|Any CPU
		{81D500D1-874D-496B-B774-13251758247E}.Release|Any CPU.ActiveCfg = Release|Any CPU
		{81D500D1-874D-496B-B774-13251758247E}.Release|Any CPU.Build.0 = Release|Any CPU
	EndGlobalSection
	GlobalSection(SolutionProperties) = preSolution
		HideSolutionNode = FALSE
	EndGlobalSection
	GlobalSection(ExtensibilityGlobals) = postSolution
		SolutionGuid = {A52F3C4E-DFDA-4C62-90CE-05E75D73288F}
	EndGlobalSection
EndGlobal
